
Microsoft Visual Studio Solution File, Format Version 12.00
# Visual Studio Version 17
VisualStudioVersion = 17.6.33723.286
MinimumVisualStudioVersion = 10.0.40219.1
Project("{FAE04EC0-301F-11D3-BF4B-00C04F79EFBC}") = "Практична список студентів", "Практична список студентів.csproj", "{4691DCB2-BBA9-42BB-9C7D-EEED8C91B482}"
EndProject
Global
	GlobalSection(SolutionConfigurationPlatforms) = preSolution
		Debug|Any CPU = Debug|Any CPU
		Release|Any CPU = Release|Any CPU
	EndGlobalSection
	GlobalSection(ProjectConfigurationPlatforms) = postSolution
		{4691DCB2-BBA9-42BB-9C7D-EEED8C91B482}.Debug|Any CPU.ActiveCfg = Debug|Any CPU
		{4691DCB2-BBA9-42BB-9C7D-EEED8C91B482}.Debug|Any CPU.Build.0 = Debug|Any CPU
		{4691DCB2-BBA9-42BB-9C7D-EEED8C91B482}.Release|Any CPU.ActiveCfg = Release|Any CPU
		{4691DCB2-BBA9-42BB-9C7D-EEED8C91B482}.Release|Any CPU.Build.0 = Release|Any CPU
	EndGlobalSection
	GlobalSection(SolutionProperties) = preSolution
		HideSolutionNode = FALSE
	EndGlobalSection
	GlobalSection(ExtensibilityGlobals) = postSolution
		SolutionGuid = {3201DE33-BE6F-4AED-8754-1F8770DF507D}
	EndGlobalSection
EndGlobal
